
Microsoft Visual Studio Solution File, Format Version 12.00
# Visual Studio 2013
VisualStudioVersion = 12.0.40629.0
MinimumVisualStudioVersion = 10.0.40219.1
Project("{FAE04EC0-301F-11D3-BF4B-00C04F79EFBC}") = "LogProcessor", "LogProcessor\LogProcessor.csproj", "{4290BEB3-D4C7-45C3-B9C1-5F231623B504}"
EndProject
Project("{FAE04EC0-301F-11D3-BF4B-00C04F79EFBC}") = "LogProcessorUnitTest", "LogProcessorUnitTest\LogProcessorUnitTest.csproj", "{A144B11E-996F-40FD-BBFB-C8C81961225B}"
EndProject
Global
	GlobalSection(SolutionConfigurationPlatforms) = preSolution
		Debug|Any CPU = Debug|Any CPU
		Release|Any CPU = Release|Any CPU
	EndGlobalSection
	GlobalSection(ProjectConfigurationPlatforms) = postSolution
		{4290BEB3-D4C7-45C3-B9C1-5F231623B504}.Debug|Any CPU.ActiveCfg = Debug|Any CPU
		{4290BEB3-D4C7-45C3-B9C1-5F231623B504}.Debug|Any CPU.Build.0 = Debug|Any CPU
		{4290BEB3-D4C7-45C3-B9C1-5F231623B504}.Release|Any CPU.ActiveCfg = Release|Any CPU
		{4290BEB3-D4C7-45C3-B9C1-5F231623B504}.Release|Any CPU.Build.0 = Release|Any CPU
		{A144B11E-996F-40FD-BBFB-C8C81961225B}.Debug|Any CPU.ActiveCfg = Debug|Any CPU
		{A144B11E-996F-40FD-BBFB-C8C81961225B}.Debug|Any CPU.Build.0 = Debug|Any CPU
		{A144B11E-996F-40FD-BBFB-C8C81961225B}.Release|Any CPU.ActiveCfg = Release|Any CPU
		{A144B11E-996F-40FD-BBFB-C8C81961225B}.Release|Any CPU.Build.0 = Release|Any CPU
	EndGlobalSection
	GlobalSection(SolutionProperties) = preSolution
		HideSolutionNode = FALSE
	EndGlobalSection
EndGlobal
